
Microsoft Visual Studio Solution File, Format Version 12.00
# Visual Studio Version 17
VisualStudioVersion = 17.12.35506.116 d17.12
MinimumVisualStudioVersion = 10.0.40219.1
Project("{FAE04EC0-301F-11D3-BF4B-00C04F79EFBC}") = "Techwatchers.Server", "Techwatchers.Server\Techwatchers.Server.csproj", "{C14DFB08-95D5-4743-A5DE-1CC09C14C6F0}"
EndProject
Project("{54A90642-561A-4BB1-A94E-469ADEE60C69}") = "techwatchers.client", "techwatchers.client\techwatchers.client.esproj", "{4D09C3FD-12F6-4E6F-A0E1-E6BD27C11F27}"
EndProject
Global
	GlobalSection(SolutionConfigurationPlatforms) = preSolution
		Debug|Any CPU = Debug|Any CPU
		Release|Any CPU = Release|Any CPU
	EndGlobalSection
	GlobalSection(ProjectConfigurationPlatforms) = postSolution
		{C14DFB08-95D5-4743-A5DE-1CC09C14C6F0}.Debug|Any CPU.ActiveCfg = Debug|Any CPU
		{C14DFB08-95D5-4743-A5DE-1CC09C14C6F0}.Debug|Any CPU.Build.0 = Debug|Any CPU
		{C14DFB08-95D5-4743-A5DE-1CC09C14C6F0}.Release|Any CPU.ActiveCfg = Release|Any CPU
		{C14DFB08-95D5-4743-A5DE-1CC09C14C6F0}.Release|Any CPU.Build.0 = Release|Any CPU
		{4D09C3FD-12F6-4E6F-A0E1-E6BD27C11F27}.Debug|Any CPU.ActiveCfg = Debug|Any CPU
		{4D09C3FD-12F6-4E6F-A0E1-E6BD27C11F27}.Debug|Any CPU.Build.0 = Debug|Any CPU
		{4D09C3FD-12F6-4E6F-A0E1-E6BD27C11F27}.Debug|Any CPU.Deploy.0 = Debug|Any CPU
		{4D09C3FD-12F6-4E6F-A0E1-E6BD27C11F27}.Release|Any CPU.ActiveCfg = Release|Any CPU
		{4D09C3FD-12F6-4E6F-A0E1-E6BD27C11F27}.Release|Any CPU.Build.0 = Release|Any CPU
		{4D09C3FD-12F6-4E6F-A0E1-E6BD27C11F27}.Release|Any CPU.Deploy.0 = Release|Any CPU
	EndGlobalSection
	GlobalSection(SolutionProperties) = preSolution
		HideSolutionNode = FALSE
	EndGlobalSection
EndGlobal
